
Microsoft Visual Studio Solution File, Format Version 12.00
# Visual Studio 15
VisualStudioVersion = 15.0.27703.2035
MinimumVisualStudioVersion = 10.0.40219.1
Project("{FAE04EC0-301F-11D3-BF4B-00C04F79EFBC}") = "ConsoleAppTest", "ConsoleAppTest\ConsoleAppTest.csproj", "{2567D63E-1607-4D6E-9FFE-FF55EA602877}"
EndProject
Global
	GlobalSection(SolutionConfigurationPlatforms) = preSolution
		Debug|Any CPU = Debug|Any CPU
		Release|Any CPU = Release|Any CPU
	EndGlobalSection
	GlobalSection(ProjectConfigurationPlatforms) = postSolution
		{2567D63E-1607-4D6E-9FFE-FF55EA602877}.Debug|Any CPU.ActiveCfg = Debug|Any CPU
		{2567D63E-1607-4D6E-9FFE-FF55EA602877}.Debug|Any CPU.Build.0 = Debug|Any CPU
		{2567D63E-1607-4D6E-9FFE-FF55EA602877}.Release|Any CPU.ActiveCfg = Release|Any CPU
		{2567D63E-1607-4D6E-9FFE-FF55EA602877}.Release|Any CPU.Build.0 = Release|Any CPU
	EndGlobalSection
	GlobalSection(SolutionProperties) = preSolution
		HideSolutionNode = FALSE
	EndGlobalSection
	GlobalSection(ExtensibilityGlobals) = postSolution
		SolutionGuid = {006F6944-AAD5-4C2E-AC8B-6F5BF3C5AE71}
	EndGlobalSection
EndGlobal
